
Microsoft Visual Studio Solution File, Format Version 12.00
# Visual Studio Version 17
VisualStudioVersion = 17.6.33723.286
MinimumVisualStudioVersion = 10.0.40219.1
Project("{FAE04EC0-301F-11D3-BF4B-00C04F79EFBC}") = "Zad2", "Zad2\Zad2.csproj", "{1E5A19C9-C596-4FE4-9E09-9A9D73CFAA2E}"
EndProject
Global
	GlobalSection(SolutionConfigurationPlatforms) = preSolution
		Debug|Any CPU = Debug|Any CPU
		Release|Any CPU = Release|Any CPU
	EndGlobalSection
	GlobalSection(ProjectConfigurationPlatforms) = postSolution
		{1E5A19C9-C596-4FE4-9E09-9A9D73CFAA2E}.Debug|Any CPU.ActiveCfg = Debug|Any CPU
		{1E5A19C9-C596-4FE4-9E09-9A9D73CFAA2E}.Debug|Any CPU.Build.0 = Debug|Any CPU
		{1E5A19C9-C596-4FE4-9E09-9A9D73CFAA2E}.Release|Any CPU.ActiveCfg = Release|Any CPU
		{1E5A19C9-C596-4FE4-9E09-9A9D73CFAA2E}.Release|Any CPU.Build.0 = Release|Any CPU
	EndGlobalSection
	GlobalSection(SolutionProperties) = preSolution
		HideSolutionNode = FALSE
	EndGlobalSection
	GlobalSection(ExtensibilityGlobals) = postSolution
		SolutionGuid = {19C2860D-9BCA-480D-9CE5-92C72810B5FD}
	EndGlobalSection
EndGlobal
