
Microsoft Visual Studio Solution File, Format Version 12.00
# Visual Studio Version 17
VisualStudioVersion = 17.6.33723.286
MinimumVisualStudioVersion = 10.0.40219.1
Project("{FAE04EC0-301F-11D3-BF4B-00C04F79EFBC}") = "zad1", "zad1\zad1.csproj", "{343B4B6E-86B2-453A-9A60-6B0735A63598}"
EndProject
Global
	GlobalSection(SolutionConfigurationPlatforms) = preSolution
		Debug|Any CPU = Debug|Any CPU
		Release|Any CPU = Release|Any CPU
	EndGlobalSection
	GlobalSection(ProjectConfigurationPlatforms) = postSolution
		{343B4B6E-86B2-453A-9A60-6B0735A63598}.Debug|Any CPU.ActiveCfg = Debug|Any CPU
		{343B4B6E-86B2-453A-9A60-6B0735A63598}.Debug|Any CPU.Build.0 = Debug|Any CPU
		{343B4B6E-86B2-453A-9A60-6B0735A63598}.Release|Any CPU.ActiveCfg = Release|Any CPU
		{343B4B6E-86B2-453A-9A60-6B0735A63598}.Release|Any CPU.Build.0 = Release|Any CPU
	EndGlobalSection
	GlobalSection(SolutionProperties) = preSolution
		HideSolutionNode = FALSE
	EndGlobalSection
	GlobalSection(ExtensibilityGlobals) = postSolution
		SolutionGuid = {F09ADA28-03C6-44D6-B4D3-ED80E44A9B62}
	EndGlobalSection
EndGlobal
