
Microsoft Visual Studio Solution File, Format Version 12.00
# Visual Studio Version 17
VisualStudioVersion = 17.6.33723.286
MinimumVisualStudioVersion = 10.0.40219.1
Project("{FAE04EC0-301F-11D3-BF4B-00C04F79EFBC}") = "zad3", "zad3\zad3.csproj", "{DFF1013E-A1F8-497B-BBF5-E8F7BD69D8CF}"
EndProject
Global
	GlobalSection(SolutionConfigurationPlatforms) = preSolution
		Debug|Any CPU = Debug|Any CPU
		Release|Any CPU = Release|Any CPU
	EndGlobalSection
	GlobalSection(ProjectConfigurationPlatforms) = postSolution
		{DFF1013E-A1F8-497B-BBF5-E8F7BD69D8CF}.Debug|Any CPU.ActiveCfg = Debug|Any CPU
		{DFF1013E-A1F8-497B-BBF5-E8F7BD69D8CF}.Debug|Any CPU.Build.0 = Debug|Any CPU
		{DFF1013E-A1F8-497B-BBF5-E8F7BD69D8CF}.Release|Any CPU.ActiveCfg = Release|Any CPU
		{DFF1013E-A1F8-497B-BBF5-E8F7BD69D8CF}.Release|Any CPU.Build.0 = Release|Any CPU
	EndGlobalSection
	GlobalSection(SolutionProperties) = preSolution
		HideSolutionNode = FALSE
	EndGlobalSection
	GlobalSection(ExtensibilityGlobals) = postSolution
		SolutionGuid = {6162AA6C-A8E0-41DD-8F46-04973D45CE0B}
	EndGlobalSection
EndGlobal
